<Solution>
  <Folder Name="/docs/">
    <File Path="docs\project-spec.md" />
  </Folder>
  <Folder Name="/tests/">
    <Project Path="tests\Codec.Core.Tests\Codec.Core.Tests.csproj" Type="Classic C#" />
    <Project Path="tests\Codec.Sample.Tests\Codec.Sample.Tests.csproj" Type="Classic C#" />
  </Folder>
  <Project Path="Codec.Cli\Codec.Cli.csproj" Type="Classic C#" />
  <Project Path="Codec.Core\Codec.Core.csproj" Type="Classic C#" />
</Solution>